
Microsoft Visual Studio Solution File, Format Version 12.00
# Visual Studio Version 16
VisualStudioVersion = 16.0.31005.135
MinimumVisualStudioVersion = 10.0.40219.1
Project("{FAE04EC0-301F-11D3-BF4B-00C04F79EFBC}") = "Toepassing 5.3", "Toepassing 5.3.csproj", "{DE93E14B-F7CE-4EFE-9EF9-33CC8CFD7577}"
EndProject
Global
	GlobalSection(SolutionConfigurationPlatforms) = preSolution
		Debug|Any CPU = Debug|Any CPU
		Release|Any CPU = Release|Any CPU
	EndGlobalSection
	GlobalSection(ProjectConfigurationPlatforms) = postSolution
		{DE93E14B-F7CE-4EFE-9EF9-33CC8CFD7577}.Debug|Any CPU.ActiveCfg = Debug|Any CPU
		{DE93E14B-F7CE-4EFE-9EF9-33CC8CFD7577}.Debug|Any CPU.Build.0 = Debug|Any CPU
		{DE93E14B-F7CE-4EFE-9EF9-33CC8CFD7577}.Release|Any CPU.ActiveCfg = Release|Any CPU
		{DE93E14B-F7CE-4EFE-9EF9-33CC8CFD7577}.Release|Any CPU.Build.0 = Release|Any CPU
	EndGlobalSection
	GlobalSection(SolutionProperties) = preSolution
		HideSolutionNode = FALSE
	EndGlobalSection
	GlobalSection(ExtensibilityGlobals) = postSolution
		SolutionGuid = {B7579FBB-A3AE-4CD1-BE9E-268A399A3577}
	EndGlobalSection
EndGlobal
