
Microsoft Visual Studio Solution File, Format Version 12.00
# Visual Studio Version 16
VisualStudioVersion = 16.0.31005.135
MinimumVisualStudioVersion = 10.0.40219.1
Project("{FAE04EC0-301F-11D3-BF4B-00C04F79EFBC}") = "Exercise01", "Exercise01.csproj", "{CA700EB1-D46A-4C3F-8C4E-B4ACA6CDDE0D}"
EndProject
Global
	GlobalSection(SolutionConfigurationPlatforms) = preSolution
		Debug|Any CPU = Debug|Any CPU
		Release|Any CPU = Release|Any CPU
	EndGlobalSection
	GlobalSection(ProjectConfigurationPlatforms) = postSolution
		{CA700EB1-D46A-4C3F-8C4E-B4ACA6CDDE0D}.Debug|Any CPU.ActiveCfg = Debug|Any CPU
		{CA700EB1-D46A-4C3F-8C4E-B4ACA6CDDE0D}.Debug|Any CPU.Build.0 = Debug|Any CPU
		{CA700EB1-D46A-4C3F-8C4E-B4ACA6CDDE0D}.Release|Any CPU.ActiveCfg = Release|Any CPU
		{CA700EB1-D46A-4C3F-8C4E-B4ACA6CDDE0D}.Release|Any CPU.Build.0 = Release|Any CPU
	EndGlobalSection
	GlobalSection(SolutionProperties) = preSolution
		HideSolutionNode = FALSE
	EndGlobalSection
	GlobalSection(ExtensibilityGlobals) = postSolution
		SolutionGuid = {6004C8B7-7888-45BD-AEB1-FA83F93AE10B}
	EndGlobalSection
EndGlobal
