
Microsoft Visual Studio Solution File, Format Version 12.00
# Visual Studio Version 16
VisualStudioVersion = 16.0.31005.135
MinimumVisualStudioVersion = 10.0.40219.1
Project("{FAE04EC0-301F-11D3-BF4B-00C04F79EFBC}") = "Exercise07", "Exercise07.csproj", "{201A84C2-A93E-475B-9C08-E74E6E358F93}"
EndProject
Global
	GlobalSection(SolutionConfigurationPlatforms) = preSolution
		Debug|Any CPU = Debug|Any CPU
		Release|Any CPU = Release|Any CPU
	EndGlobalSection
	GlobalSection(ProjectConfigurationPlatforms) = postSolution
		{201A84C2-A93E-475B-9C08-E74E6E358F93}.Debug|Any CPU.ActiveCfg = Debug|Any CPU
		{201A84C2-A93E-475B-9C08-E74E6E358F93}.Debug|Any CPU.Build.0 = Debug|Any CPU
		{201A84C2-A93E-475B-9C08-E74E6E358F93}.Release|Any CPU.ActiveCfg = Release|Any CPU
		{201A84C2-A93E-475B-9C08-E74E6E358F93}.Release|Any CPU.Build.0 = Release|Any CPU
	EndGlobalSection
	GlobalSection(SolutionProperties) = preSolution
		HideSolutionNode = FALSE
	EndGlobalSection
	GlobalSection(ExtensibilityGlobals) = postSolution
		SolutionGuid = {EBFC26F8-5DF7-47CE-A172-81D5DC30BE5E}
	EndGlobalSection
EndGlobal
