
Microsoft Visual Studio Solution File, Format Version 12.00
# Visual Studio Version 16
VisualStudioVersion = 16.0.31005.135
MinimumVisualStudioVersion = 10.0.40219.1
Project("{FAE04EC0-301F-11D3-BF4B-00C04F79EFBC}") = "Testvraag 3.4", "Testvraag 3.4.csproj", "{C1732BC7-F660-476B-B92F-0A8257C98175}"
EndProject
Global
	GlobalSection(SolutionConfigurationPlatforms) = preSolution
		Debug|Any CPU = Debug|Any CPU
		Release|Any CPU = Release|Any CPU
	EndGlobalSection
	GlobalSection(ProjectConfigurationPlatforms) = postSolution
		{C1732BC7-F660-476B-B92F-0A8257C98175}.Debug|Any CPU.ActiveCfg = Debug|Any CPU
		{C1732BC7-F660-476B-B92F-0A8257C98175}.Debug|Any CPU.Build.0 = Debug|Any CPU
		{C1732BC7-F660-476B-B92F-0A8257C98175}.Release|Any CPU.ActiveCfg = Release|Any CPU
		{C1732BC7-F660-476B-B92F-0A8257C98175}.Release|Any CPU.Build.0 = Release|Any CPU
	EndGlobalSection
	GlobalSection(SolutionProperties) = preSolution
		HideSolutionNode = FALSE
	EndGlobalSection
	GlobalSection(ExtensibilityGlobals) = postSolution
		SolutionGuid = {2E07BDAB-DC2F-448F-A165-C93DDBF52239}
	EndGlobalSection
EndGlobal
