
Microsoft Visual Studio Solution File, Format Version 12.00
# Visual Studio Version 16
VisualStudioVersion = 16.0.31005.135
MinimumVisualStudioVersion = 10.0.40219.1
Project("{FAE04EC0-301F-11D3-BF4B-00C04F79EFBC}") = "Exercise13", "Exercise13.csproj", "{A87A8F2A-39CC-436A-8933-53EC1365352D}"
EndProject
Global
	GlobalSection(SolutionConfigurationPlatforms) = preSolution
		Debug|Any CPU = Debug|Any CPU
		Release|Any CPU = Release|Any CPU
	EndGlobalSection
	GlobalSection(ProjectConfigurationPlatforms) = postSolution
		{A87A8F2A-39CC-436A-8933-53EC1365352D}.Debug|Any CPU.ActiveCfg = Debug|Any CPU
		{A87A8F2A-39CC-436A-8933-53EC1365352D}.Debug|Any CPU.Build.0 = Debug|Any CPU
		{A87A8F2A-39CC-436A-8933-53EC1365352D}.Release|Any CPU.ActiveCfg = Release|Any CPU
		{A87A8F2A-39CC-436A-8933-53EC1365352D}.Release|Any CPU.Build.0 = Release|Any CPU
	EndGlobalSection
	GlobalSection(SolutionProperties) = preSolution
		HideSolutionNode = FALSE
	EndGlobalSection
	GlobalSection(ExtensibilityGlobals) = postSolution
		SolutionGuid = {F7EBD875-32B3-4072-9363-950D6E39223C}
	EndGlobalSection
EndGlobal
