
Microsoft Visual Studio Solution File, Format Version 12.00
# Visual Studio Version 16
VisualStudioVersion = 16.0.31005.135
MinimumVisualStudioVersion = 10.0.40219.1
Project("{FAE04EC0-301F-11D3-BF4B-00C04F79EFBC}") = "Exercise17", "Exercise17.csproj", "{CF4EB9B2-8B01-48F8-8AC1-1230ECDC9480}"
EndProject
Global
	GlobalSection(SolutionConfigurationPlatforms) = preSolution
		Debug|Any CPU = Debug|Any CPU
		Release|Any CPU = Release|Any CPU
	EndGlobalSection
	GlobalSection(ProjectConfigurationPlatforms) = postSolution
		{CF4EB9B2-8B01-48F8-8AC1-1230ECDC9480}.Debug|Any CPU.ActiveCfg = Debug|Any CPU
		{CF4EB9B2-8B01-48F8-8AC1-1230ECDC9480}.Debug|Any CPU.Build.0 = Debug|Any CPU
		{CF4EB9B2-8B01-48F8-8AC1-1230ECDC9480}.Release|Any CPU.ActiveCfg = Release|Any CPU
		{CF4EB9B2-8B01-48F8-8AC1-1230ECDC9480}.Release|Any CPU.Build.0 = Release|Any CPU
	EndGlobalSection
	GlobalSection(SolutionProperties) = preSolution
		HideSolutionNode = FALSE
	EndGlobalSection
	GlobalSection(ExtensibilityGlobals) = postSolution
		SolutionGuid = {0032D840-AA9B-4721-9044-C750ED1374F4}
	EndGlobalSection
EndGlobal
