
Microsoft Visual Studio Solution File, Format Version 12.00
# Visual Studio Version 16
VisualStudioVersion = 16.0.31005.135
MinimumVisualStudioVersion = 10.0.40219.1
Project("{FAE04EC0-301F-11D3-BF4B-00C04F79EFBC}") = "Toepassing 4.5", "Toepassing 4.5.csproj", "{B5F2A3C8-8F5E-4E5B-B859-81EB064EE3F0}"
EndProject
Global
	GlobalSection(SolutionConfigurationPlatforms) = preSolution
		Debug|Any CPU = Debug|Any CPU
		Release|Any CPU = Release|Any CPU
	EndGlobalSection
	GlobalSection(ProjectConfigurationPlatforms) = postSolution
		{B5F2A3C8-8F5E-4E5B-B859-81EB064EE3F0}.Debug|Any CPU.ActiveCfg = Debug|Any CPU
		{B5F2A3C8-8F5E-4E5B-B859-81EB064EE3F0}.Debug|Any CPU.Build.0 = Debug|Any CPU
		{B5F2A3C8-8F5E-4E5B-B859-81EB064EE3F0}.Release|Any CPU.ActiveCfg = Release|Any CPU
		{B5F2A3C8-8F5E-4E5B-B859-81EB064EE3F0}.Release|Any CPU.Build.0 = Release|Any CPU
	EndGlobalSection
	GlobalSection(SolutionProperties) = preSolution
		HideSolutionNode = FALSE
	EndGlobalSection
	GlobalSection(ExtensibilityGlobals) = postSolution
		SolutionGuid = {EC506A55-7A8E-4536-99B8-D7EA91E3471F}
	EndGlobalSection
EndGlobal
