
Microsoft Visual Studio Solution File, Format Version 12.00
# Visual Studio Version 16
VisualStudioVersion = 16.0.31005.135
MinimumVisualStudioVersion = 10.0.40219.1
Project("{FAE04EC0-301F-11D3-BF4B-00C04F79EFBC}") = "Exercise07", "Exercise07.csproj", "{3FEE1DC1-BCBD-41BF-A9E0-A9D5CCC1A0BE}"
EndProject
Global
	GlobalSection(SolutionConfigurationPlatforms) = preSolution
		Debug|Any CPU = Debug|Any CPU
		Release|Any CPU = Release|Any CPU
	EndGlobalSection
	GlobalSection(ProjectConfigurationPlatforms) = postSolution
		{3FEE1DC1-BCBD-41BF-A9E0-A9D5CCC1A0BE}.Debug|Any CPU.ActiveCfg = Debug|Any CPU
		{3FEE1DC1-BCBD-41BF-A9E0-A9D5CCC1A0BE}.Debug|Any CPU.Build.0 = Debug|Any CPU
		{3FEE1DC1-BCBD-41BF-A9E0-A9D5CCC1A0BE}.Release|Any CPU.ActiveCfg = Release|Any CPU
		{3FEE1DC1-BCBD-41BF-A9E0-A9D5CCC1A0BE}.Release|Any CPU.Build.0 = Release|Any CPU
	EndGlobalSection
	GlobalSection(SolutionProperties) = preSolution
		HideSolutionNode = FALSE
	EndGlobalSection
	GlobalSection(ExtensibilityGlobals) = postSolution
		SolutionGuid = {E65BAC84-EE9A-4DFF-AADD-D24596E9F4A8}
	EndGlobalSection
EndGlobal
