
Microsoft Visual Studio Solution File, Format Version 12.00
# Visual Studio Version 16
VisualStudioVersion = 16.0.31005.135
MinimumVisualStudioVersion = 10.0.40219.1
Project("{FAE04EC0-301F-11D3-BF4B-00C04F79EFBC}") = "Exercise02", "Exercise02.csproj", "{2167CF1C-358A-4286-928E-3588A262294C}"
EndProject
Global
	GlobalSection(SolutionConfigurationPlatforms) = preSolution
		Debug|Any CPU = Debug|Any CPU
		Release|Any CPU = Release|Any CPU
	EndGlobalSection
	GlobalSection(ProjectConfigurationPlatforms) = postSolution
		{2167CF1C-358A-4286-928E-3588A262294C}.Debug|Any CPU.ActiveCfg = Debug|Any CPU
		{2167CF1C-358A-4286-928E-3588A262294C}.Debug|Any CPU.Build.0 = Debug|Any CPU
		{2167CF1C-358A-4286-928E-3588A262294C}.Release|Any CPU.ActiveCfg = Release|Any CPU
		{2167CF1C-358A-4286-928E-3588A262294C}.Release|Any CPU.Build.0 = Release|Any CPU
	EndGlobalSection
	GlobalSection(SolutionProperties) = preSolution
		HideSolutionNode = FALSE
	EndGlobalSection
	GlobalSection(ExtensibilityGlobals) = postSolution
		SolutionGuid = {FB44534A-221D-4AAD-AC6A-B855C0184B01}
	EndGlobalSection
EndGlobal
